
Microsoft Visual Studio Solution File, Format Version 12.00
# Visual Studio Version 17
VisualStudioVersion = 17.9.34714.143
MinimumVisualStudioVersion = 10.0.40219.1
Project("{FAE04EC0-301F-11D3-BF4B-00C04F79EFBC}") = "BaseballPlayers", "BaseballPlayers\BaseballPlayers.csproj", "{584EC382-4BD8-4126-B454-9D135B00FEC3}"
EndProject
Global
	GlobalSection(SolutionConfigurationPlatforms) = preSolution
		Debug|Any CPU = Debug|Any CPU
		Release|Any CPU = Release|Any CPU
	EndGlobalSection
	GlobalSection(ProjectConfigurationPlatforms) = postSolution
		{584EC382-4BD8-4126-B454-9D135B00FEC3}.Debug|Any CPU.ActiveCfg = Debug|Any CPU
		{584EC382-4BD8-4126-B454-9D135B00FEC3}.Debug|Any CPU.Build.0 = Debug|Any CPU
		{584EC382-4BD8-4126-B454-9D135B00FEC3}.Release|Any CPU.ActiveCfg = Release|Any CPU
		{584EC382-4BD8-4126-B454-9D135B00FEC3}.Release|Any CPU.Build.0 = Release|Any CPU
	EndGlobalSection
	GlobalSection(SolutionProperties) = preSolution
		HideSolutionNode = FALSE
	EndGlobalSection
	GlobalSection(ExtensibilityGlobals) = postSolution
		SolutionGuid = {D6FB02D2-D132-491C-8659-B05C870762BA}
	EndGlobalSection
EndGlobal
