
Microsoft Visual Studio Solution File, Format Version 12.00
# Visual Studio Version 17
VisualStudioVersion = 17.8.34330.188
MinimumVisualStudioVersion = 10.0.40219.1
Project("{FAE04EC0-301F-11D3-BF4B-00C04F79EFBC}") = "BlazorMatchGame", "BlazorMatchGame\BlazorMatchGame.csproj", "{3C5674E4-B5E7-4DBE-9307-778F9FAE0C40}"
EndProject
Global
	GlobalSection(SolutionConfigurationPlatforms) = preSolution
		Debug|Any CPU = Debug|Any CPU
		Release|Any CPU = Release|Any CPU
	EndGlobalSection
	GlobalSection(ProjectConfigurationPlatforms) = postSolution
		{3C5674E4-B5E7-4DBE-9307-778F9FAE0C40}.Debug|Any CPU.ActiveCfg = Debug|Any CPU
		{3C5674E4-B5E7-4DBE-9307-778F9FAE0C40}.Debug|Any CPU.Build.0 = Debug|Any CPU
		{3C5674E4-B5E7-4DBE-9307-778F9FAE0C40}.Release|Any CPU.ActiveCfg = Release|Any CPU
		{3C5674E4-B5E7-4DBE-9307-778F9FAE0C40}.Release|Any CPU.Build.0 = Release|Any CPU
	EndGlobalSection
	GlobalSection(SolutionProperties) = preSolution
		HideSolutionNode = FALSE
	EndGlobalSection
	GlobalSection(ExtensibilityGlobals) = postSolution
		SolutionGuid = {8F48CFA5-4244-41D0-8B43-AEB902564237}
	EndGlobalSection
EndGlobal
