
Microsoft Visual Studio Solution File, Format Version 12.00
# Visual Studio Version 17
VisualStudioVersion = 17.9.34714.143
MinimumVisualStudioVersion = 10.0.40219.1
Project("{FAE04EC0-301F-11D3-BF4B-00C04F79EFBC}") = "PoolPuzzle", "PoolPuzzle\PoolPuzzle.csproj", "{A521845C-B274-4AB6-B670-FEEFD4B74ACF}"
EndProject
Global
	GlobalSection(SolutionConfigurationPlatforms) = preSolution
		Debug|Any CPU = Debug|Any CPU
		Release|Any CPU = Release|Any CPU
	EndGlobalSection
	GlobalSection(ProjectConfigurationPlatforms) = postSolution
		{A521845C-B274-4AB6-B670-FEEFD4B74ACF}.Debug|Any CPU.ActiveCfg = Debug|Any CPU
		{A521845C-B274-4AB6-B670-FEEFD4B74ACF}.Debug|Any CPU.Build.0 = Debug|Any CPU
		{A521845C-B274-4AB6-B670-FEEFD4B74ACF}.Release|Any CPU.ActiveCfg = Release|Any CPU
		{A521845C-B274-4AB6-B670-FEEFD4B74ACF}.Release|Any CPU.Build.0 = Release|Any CPU
	EndGlobalSection
	GlobalSection(SolutionProperties) = preSolution
		HideSolutionNode = FALSE
	EndGlobalSection
	GlobalSection(ExtensibilityGlobals) = postSolution
		SolutionGuid = {72D544BD-FECE-41FF-A579-89483323D66D}
	EndGlobalSection
EndGlobal
