
Microsoft Visual Studio Solution File, Format Version 12.00
# Visual Studio Version 17
VisualStudioVersion = 17.9.34714.143
MinimumVisualStudioVersion = 10.0.40219.1
Project("{FAE04EC0-301F-11D3-BF4B-00C04F79EFBC}") = "UseABinaryWriter", "UseABinaryWriter\UseABinaryWriter.csproj", "{6608C4D8-E50D-47D1-8AA4-F2E07DA81271}"
EndProject
Global
	GlobalSection(SolutionConfigurationPlatforms) = preSolution
		Debug|Any CPU = Debug|Any CPU
		Release|Any CPU = Release|Any CPU
	EndGlobalSection
	GlobalSection(ProjectConfigurationPlatforms) = postSolution
		{6608C4D8-E50D-47D1-8AA4-F2E07DA81271}.Debug|Any CPU.ActiveCfg = Debug|Any CPU
		{6608C4D8-E50D-47D1-8AA4-F2E07DA81271}.Debug|Any CPU.Build.0 = Debug|Any CPU
		{6608C4D8-E50D-47D1-8AA4-F2E07DA81271}.Release|Any CPU.ActiveCfg = Release|Any CPU
		{6608C4D8-E50D-47D1-8AA4-F2E07DA81271}.Release|Any CPU.Build.0 = Release|Any CPU
	EndGlobalSection
	GlobalSection(SolutionProperties) = preSolution
		HideSolutionNode = FALSE
	EndGlobalSection
	GlobalSection(ExtensibilityGlobals) = postSolution
		SolutionGuid = {2FC49C62-03E8-412F-843D-E1C581728B6A}
	EndGlobalSection
EndGlobal
