
Microsoft Visual Studio Solution File, Format Version 12.00
# Visual Studio Version 17
VisualStudioVersion = 17.9.34714.143
MinimumVisualStudioVersion = 10.0.40219.1
Project("{FAE04EC0-301F-11D3-BF4B-00C04F79EFBC}") = "LambdaTestDrive", "LambdaTestDrive\LambdaTestDrive.csproj", "{C3001FA3-35B9-4931-BA92-E7727BF1B85F}"
EndProject
Global
	GlobalSection(SolutionConfigurationPlatforms) = preSolution
		Debug|Any CPU = Debug|Any CPU
		Release|Any CPU = Release|Any CPU
	EndGlobalSection
	GlobalSection(ProjectConfigurationPlatforms) = postSolution
		{C3001FA3-35B9-4931-BA92-E7727BF1B85F}.Debug|Any CPU.ActiveCfg = Debug|Any CPU
		{C3001FA3-35B9-4931-BA92-E7727BF1B85F}.Debug|Any CPU.Build.0 = Debug|Any CPU
		{C3001FA3-35B9-4931-BA92-E7727BF1B85F}.Release|Any CPU.ActiveCfg = Release|Any CPU
		{C3001FA3-35B9-4931-BA92-E7727BF1B85F}.Release|Any CPU.Build.0 = Release|Any CPU
	EndGlobalSection
	GlobalSection(SolutionProperties) = preSolution
		HideSolutionNode = FALSE
	EndGlobalSection
	GlobalSection(ExtensibilityGlobals) = postSolution
		SolutionGuid = {5ACD306A-3CEC-4D38-ACC6-DE141E010E0D}
	EndGlobalSection
EndGlobal
