
Microsoft Visual Studio Solution File, Format Version 12.00
# Visual Studio Version 17
VisualStudioVersion = 17.6.33712.159
MinimumVisualStudioVersion = 10.0.40219.1
Project("{9A19103F-16F7-4668-BE54-9A1E7A4F7556}") = "Chapter_2.MyFirstConsoleApp", "MyFirstConsoleApp\Chapter_2.MyFirstConsoleApp.csproj", "{FDEEE94B-101C-46FC-8BFB-19D10AAA208A}"
EndProject
Project("{9A19103F-16F7-4668-BE54-9A1E7A4F7556}") = "Chapter_1.MatchGame", "MatchGame\Chapter_1.MatchGame.csproj", "{2451CBA7-D880-4732-B3F0-B2CCC36636E3}"
EndProject
Project("{9A19103F-16F7-4668-BE54-9A1E7A4F7556}") = "Chapter_2.SharpenYourPencil", "SharpenYourPencil\Chapter_2.SharpenYourPencil.csproj", "{DACB02B3-2109-4B79-BB8C-B2D59C7A4A0B}"
EndProject
Project("{9A19103F-16F7-4668-BE54-9A1E7A4F7556}") = "Chapter_2.ExperimentWithControls", "ExperimentWithControls\Chapter_2.ExperimentWithControls.csproj", "{44CFBE99-C247-45B9-9016-EAF0A00FA27D}"
EndProject
Project("{9A19103F-16F7-4668-BE54-9A1E7A4F7556}") = "Chapter_1.BlazorMatchGame", "BlazorMatchGame\Chapter_1.BlazorMatchGame.csproj", "{93B39B52-93BB-46FC-B5ED-4CEB04866AD3}"
EndProject
Project("{9A19103F-16F7-4668-BE54-9A1E7A4F7556}") = "Chapter_2.ExperimentWithControlsBlazor", "ExperimentWithControlsBlazor\Chapter_2.ExperimentWithControlsBlazor.csproj", "{92EBFD71-B290-49EC-9EC9-FC1017846F89}"
EndProject
Project("{9A19103F-16F7-4668-BE54-9A1E7A4F7556}") = "Chapter_3.PickRandomCards", "PickRandomCards\Chapter_3.PickRandomCards.csproj", "{17ADB93D-A7D4-4233-BA14-57837DDFDE8E}"
EndProject
Project("{9A19103F-16F7-4668-BE54-9A1E7A4F7556}") = "Chapter_3.PickACardUI", "PickACardUI\Chapter_3.PickACardUI.csproj", "{3591B4C5-D003-4BE2-879B-3434B26BF35A}"
EndProject
Project("{9A19103F-16F7-4668-BE54-9A1E7A4F7556}") = "Chapter_3.SharpenYourPencil", "Chapter_3.SharpenYourPencil\Chapter_3.SharpenYourPencil.csproj", "{6D4A52DB-0170-4FB9-A96C-FE378AECAFBC}"
EndProject
Project("{FAE04EC0-301F-11D3-BF4B-00C04F79EFBC}") = "Chapter_3.JoeAndBob", "JoeAndBob\Chapter_3.JoeAndBob.csproj", "{538291F3-1829-4CAB-A0BA-87DBF016C06D}"
EndProject
Project("{FAE04EC0-301F-11D3-BF4B-00C04F79EFBC}") = "Chapter_3.Casino", "Casino\Chapter_3.Casino.csproj", "{20501A0F-CA25-4B3A-93E8-37C7D8C842CE}"
EndProject
Project("{FAE04EC0-301F-11D3-BF4B-00C04F79EFBC}") = "Chapter_3.SharpenYourPencil_2", "Chapter_3.SharpenYourPencil_2\Chapter_3.SharpenYourPencil_2.csproj", "{2059D24A-7DC7-4076-9B5C-8B8C8A535AC1}"
EndProject
Project("{FAE04EC0-301F-11D3-BF4B-00C04F79EFBC}") = "Chapter_3.PickACardBlazor", "Chapter_3.PickACardBlazor\Chapter_3.PickACardBlazor.csproj", "{833E5E31-36D1-4E6A-B8B6-4D447169E5A1}"
EndProject
Global
	GlobalSection(SolutionConfigurationPlatforms) = preSolution
		Debug|Any CPU = Debug|Any CPU
		Release|Any CPU = Release|Any CPU
	EndGlobalSection
	GlobalSection(ProjectConfigurationPlatforms) = postSolution
		{FDEEE94B-101C-46FC-8BFB-19D10AAA208A}.Debug|Any CPU.ActiveCfg = Debug|Any CPU
		{FDEEE94B-101C-46FC-8BFB-19D10AAA208A}.Debug|Any CPU.Build.0 = Debug|Any CPU
		{FDEEE94B-101C-46FC-8BFB-19D10AAA208A}.Release|Any CPU.ActiveCfg = Release|Any CPU
		{FDEEE94B-101C-46FC-8BFB-19D10AAA208A}.Release|Any CPU.Build.0 = Release|Any CPU
		{2451CBA7-D880-4732-B3F0-B2CCC36636E3}.Debug|Any CPU.ActiveCfg = Debug|Any CPU
		{2451CBA7-D880-4732-B3F0-B2CCC36636E3}.Debug|Any CPU.Build.0 = Debug|Any CPU
		{2451CBA7-D880-4732-B3F0-B2CCC36636E3}.Release|Any CPU.ActiveCfg = Release|Any CPU
		{2451CBA7-D880-4732-B3F0-B2CCC36636E3}.Release|Any CPU.Build.0 = Release|Any CPU
		{DACB02B3-2109-4B79-BB8C-B2D59C7A4A0B}.Debug|Any CPU.ActiveCfg = Debug|Any CPU
		{DACB02B3-2109-4B79-BB8C-B2D59C7A4A0B}.Debug|Any CPU.Build.0 = Debug|Any CPU
		{DACB02B3-2109-4B79-BB8C-B2D59C7A4A0B}.Release|Any CPU.ActiveCfg = Release|Any CPU
		{DACB02B3-2109-4B79-BB8C-B2D59C7A4A0B}.Release|Any CPU.Build.0 = Release|Any CPU
		{44CFBE99-C247-45B9-9016-EAF0A00FA27D}.Debug|Any CPU.ActiveCfg = Debug|Any CPU
		{44CFBE99-C247-45B9-9016-EAF0A00FA27D}.Debug|Any CPU.Build.0 = Debug|Any CPU
		{44CFBE99-C247-45B9-9016-EAF0A00FA27D}.Release|Any CPU.ActiveCfg = Release|Any CPU
		{44CFBE99-C247-45B9-9016-EAF0A00FA27D}.Release|Any CPU.Build.0 = Release|Any CPU
		{93B39B52-93BB-46FC-B5ED-4CEB04866AD3}.Debug|Any CPU.ActiveCfg = Debug|Any CPU
		{93B39B52-93BB-46FC-B5ED-4CEB04866AD3}.Debug|Any CPU.Build.0 = Debug|Any CPU
		{93B39B52-93BB-46FC-B5ED-4CEB04866AD3}.Release|Any CPU.ActiveCfg = Release|Any CPU
		{93B39B52-93BB-46FC-B5ED-4CEB04866AD3}.Release|Any CPU.Build.0 = Release|Any CPU
		{92EBFD71-B290-49EC-9EC9-FC1017846F89}.Debug|Any CPU.ActiveCfg = Debug|Any CPU
		{92EBFD71-B290-49EC-9EC9-FC1017846F89}.Debug|Any CPU.Build.0 = Debug|Any CPU
		{92EBFD71-B290-49EC-9EC9-FC1017846F89}.Release|Any CPU.ActiveCfg = Release|Any CPU
		{92EBFD71-B290-49EC-9EC9-FC1017846F89}.Release|Any CPU.Build.0 = Release|Any CPU
		{17ADB93D-A7D4-4233-BA14-57837DDFDE8E}.Debug|Any CPU.ActiveCfg = Debug|Any CPU
		{17ADB93D-A7D4-4233-BA14-57837DDFDE8E}.Debug|Any CPU.Build.0 = Debug|Any CPU
		{17ADB93D-A7D4-4233-BA14-57837DDFDE8E}.Release|Any CPU.ActiveCfg = Release|Any CPU
		{17ADB93D-A7D4-4233-BA14-57837DDFDE8E}.Release|Any CPU.Build.0 = Release|Any CPU
		{3591B4C5-D003-4BE2-879B-3434B26BF35A}.Debug|Any CPU.ActiveCfg = Debug|Any CPU
		{3591B4C5-D003-4BE2-879B-3434B26BF35A}.Debug|Any CPU.Build.0 = Debug|Any CPU
		{3591B4C5-D003-4BE2-879B-3434B26BF35A}.Release|Any CPU.ActiveCfg = Release|Any CPU
		{3591B4C5-D003-4BE2-879B-3434B26BF35A}.Release|Any CPU.Build.0 = Release|Any CPU
		{6D4A52DB-0170-4FB9-A96C-FE378AECAFBC}.Debug|Any CPU.ActiveCfg = Debug|Any CPU
		{6D4A52DB-0170-4FB9-A96C-FE378AECAFBC}.Debug|Any CPU.Build.0 = Debug|Any CPU
		{6D4A52DB-0170-4FB9-A96C-FE378AECAFBC}.Release|Any CPU.ActiveCfg = Release|Any CPU
		{6D4A52DB-0170-4FB9-A96C-FE378AECAFBC}.Release|Any CPU.Build.0 = Release|Any CPU
		{538291F3-1829-4CAB-A0BA-87DBF016C06D}.Debug|Any CPU.ActiveCfg = Debug|Any CPU
		{538291F3-1829-4CAB-A0BA-87DBF016C06D}.Debug|Any CPU.Build.0 = Debug|Any CPU
		{538291F3-1829-4CAB-A0BA-87DBF016C06D}.Release|Any CPU.ActiveCfg = Release|Any CPU
		{538291F3-1829-4CAB-A0BA-87DBF016C06D}.Release|Any CPU.Build.0 = Release|Any CPU
		{20501A0F-CA25-4B3A-93E8-37C7D8C842CE}.Debug|Any CPU.ActiveCfg = Debug|Any CPU
		{20501A0F-CA25-4B3A-93E8-37C7D8C842CE}.Debug|Any CPU.Build.0 = Debug|Any CPU
		{20501A0F-CA25-4B3A-93E8-37C7D8C842CE}.Release|Any CPU.ActiveCfg = Release|Any CPU
		{20501A0F-CA25-4B3A-93E8-37C7D8C842CE}.Release|Any CPU.Build.0 = Release|Any CPU
		{2059D24A-7DC7-4076-9B5C-8B8C8A535AC1}.Debug|Any CPU.ActiveCfg = Debug|Any CPU
		{2059D24A-7DC7-4076-9B5C-8B8C8A535AC1}.Debug|Any CPU.Build.0 = Debug|Any CPU
		{2059D24A-7DC7-4076-9B5C-8B8C8A535AC1}.Release|Any CPU.ActiveCfg = Release|Any CPU
		{2059D24A-7DC7-4076-9B5C-8B8C8A535AC1}.Release|Any CPU.Build.0 = Release|Any CPU
		{833E5E31-36D1-4E6A-B8B6-4D447169E5A1}.Debug|Any CPU.ActiveCfg = Debug|Any CPU
		{833E5E31-36D1-4E6A-B8B6-4D447169E5A1}.Debug|Any CPU.Build.0 = Debug|Any CPU
		{833E5E31-36D1-4E6A-B8B6-4D447169E5A1}.Release|Any CPU.ActiveCfg = Release|Any CPU
		{833E5E31-36D1-4E6A-B8B6-4D447169E5A1}.Release|Any CPU.Build.0 = Release|Any CPU
	EndGlobalSection
	GlobalSection(SolutionProperties) = preSolution
		HideSolutionNode = FALSE
	EndGlobalSection
	GlobalSection(ExtensibilityGlobals) = postSolution
		SolutionGuid = {2C48B3F2-CA47-40AD-A6F6-1CDE0836E72C}
	EndGlobalSection
EndGlobal
