
Microsoft Visual Studio Solution File, Format Version 12.00
# Visual Studio Version 17
VisualStudioVersion = 17.8.34330.188
MinimumVisualStudioVersion = 10.0.40219.1
Project("{FAE04EC0-301F-11D3-BF4B-00C04F79EFBC}") = "JewelThief", "JewelThief\JewelThief.csproj", "{F51CBF10-1A33-44FF-B65A-FC8242F02292}"
EndProject
Global
	GlobalSection(SolutionConfigurationPlatforms) = preSolution
		Debug|Any CPU = Debug|Any CPU
		Release|Any CPU = Release|Any CPU
	EndGlobalSection
	GlobalSection(ProjectConfigurationPlatforms) = postSolution
		{F51CBF10-1A33-44FF-B65A-FC8242F02292}.Debug|Any CPU.ActiveCfg = Debug|Any CPU
		{F51CBF10-1A33-44FF-B65A-FC8242F02292}.Debug|Any CPU.Build.0 = Debug|Any CPU
		{F51CBF10-1A33-44FF-B65A-FC8242F02292}.Release|Any CPU.ActiveCfg = Release|Any CPU
		{F51CBF10-1A33-44FF-B65A-FC8242F02292}.Release|Any CPU.Build.0 = Release|Any CPU
	EndGlobalSection
	GlobalSection(SolutionProperties) = preSolution
		HideSolutionNode = FALSE
	EndGlobalSection
	GlobalSection(ExtensibilityGlobals) = postSolution
		SolutionGuid = {28940BDA-6BC8-463D-86AC-E5A21A75C22E}
	EndGlobalSection
EndGlobal
