
Microsoft Visual Studio Solution File, Format Version 12.00
# Visual Studio Version 17
VisualStudioVersion = 17.8.34330.188
MinimumVisualStudioVersion = 10.0.40219.1
Project("{FAE04EC0-301F-11D3-BF4B-00C04F79EFBC}") = "MatchGame", "MatchGame\MatchGame.csproj", "{D020AF1D-3686-46B4-802B-2CA869E3D9DD}"
EndProject
Global
	GlobalSection(SolutionConfigurationPlatforms) = preSolution
		Debug|Any CPU = Debug|Any CPU
		Release|Any CPU = Release|Any CPU
	EndGlobalSection
	GlobalSection(ProjectConfigurationPlatforms) = postSolution
		{D020AF1D-3686-46B4-802B-2CA869E3D9DD}.Debug|Any CPU.ActiveCfg = Debug|Any CPU
		{D020AF1D-3686-46B4-802B-2CA869E3D9DD}.Debug|Any CPU.Build.0 = Debug|Any CPU
		{D020AF1D-3686-46B4-802B-2CA869E3D9DD}.Release|Any CPU.ActiveCfg = Release|Any CPU
		{D020AF1D-3686-46B4-802B-2CA869E3D9DD}.Release|Any CPU.Build.0 = Release|Any CPU
	EndGlobalSection
	GlobalSection(SolutionProperties) = preSolution
		HideSolutionNode = FALSE
	EndGlobalSection
	GlobalSection(ExtensibilityGlobals) = postSolution
		SolutionGuid = {9D8A0652-F482-4CBC-8983-8CA169E90318}
	EndGlobalSection
EndGlobal
