
Microsoft Visual Studio Solution File, Format Version 12.00
# Visual Studio Version 17
VisualStudioVersion = 17.8.34330.188
MinimumVisualStudioVersion = 10.0.40219.1
Project("{FAE04EC0-301F-11D3-BF4B-00C04F79EFBC}") = "SloppyJoe", "SloppyJoe\SloppyJoe.csproj", "{2DAA2553-4243-42DC-A3BB-437B7447FEFE}"
EndProject
Global
	GlobalSection(SolutionConfigurationPlatforms) = preSolution
		Debug|Any CPU = Debug|Any CPU
		Release|Any CPU = Release|Any CPU
	EndGlobalSection
	GlobalSection(ProjectConfigurationPlatforms) = postSolution
		{2DAA2553-4243-42DC-A3BB-437B7447FEFE}.Debug|Any CPU.ActiveCfg = Debug|Any CPU
		{2DAA2553-4243-42DC-A3BB-437B7447FEFE}.Debug|Any CPU.Build.0 = Debug|Any CPU
		{2DAA2553-4243-42DC-A3BB-437B7447FEFE}.Release|Any CPU.ActiveCfg = Release|Any CPU
		{2DAA2553-4243-42DC-A3BB-437B7447FEFE}.Release|Any CPU.Build.0 = Release|Any CPU
	EndGlobalSection
	GlobalSection(SolutionProperties) = preSolution
		HideSolutionNode = FALSE
	EndGlobalSection
	GlobalSection(ExtensibilityGlobals) = postSolution
		SolutionGuid = {0ACC9ACE-B119-4C75-B5EB-9BFE0F3596A2}
	EndGlobalSection
EndGlobal
